// !$*UTF8*$!
{
	archiveVersion = 1;
	classes = {
	};
	objectVersion = 55;
	objects = {

/* Begin PBXBuildFile section */
		60631309292F96EA00949DF2 /* Tests_iOS.swift in Sources */ = {isa = PBXBuildFile; fileRef = 60631308292F96EA00949DF2 /* Tests_iOS.swift */; };
		6063130B292F96EA00949DF2 /* Tests_iOSLaunchTests.swift in Sources */ = {isa = PBXBuildFile; fileRef = 6063130A292F96EA00949DF2 /* Tests_iOSLaunchTests.swift */; };
		60631315292F96EA00949DF2 /* Tests_macOS.swift in Sources */ = {isa = PBXBuildFile; fileRef = 60631314292F96EA00949DF2 /* Tests_macOS.swift */; };
		60631317292F96EA00949DF2 /* Tests_macOSLaunchTests.swift in Sources */ = {isa = PBXBuildFile; fileRef = 60631316292F96EA00949DF2 /* Tests_macOSLaunchTests.swift */; };
		60631318292F96EA00949DF2 /* HistoWeather.xcdatamodeld in Sources */ = {isa = PBXBuildFile; fileRef = 606312ED292F96E800949DF2 /* HistoWeather.xcdatamodeld */; };
		60631319292F96EA00949DF2 /* HistoWeather.xcdatamodeld in Sources */ = {isa = PBXBuildFile; fileRef = 606312ED292F96E800949DF2 /* HistoWeather.xcdatamodeld */; };
		6063131A292F96EA00949DF2 /* HistoWeatherApp.swift in Sources */ = {isa = PBXBuildFile; fileRef = 606312EF292F96E800949DF2 /* HistoWeatherApp.swift */; };
		6063131B292F96EA00949DF2 /* HistoWeatherApp.swift in Sources */ = {isa = PBXBuildFile; fileRef = 606312EF292F96E800949DF2 /* HistoWeatherApp.swift */; };
		6063131C292F96EA00949DF2 /* ContentView.swift in Sources */ = {isa = PBXBuildFile; fileRef = 606312F0292F96E800949DF2 /* ContentView.swift */; };
		6063131D292F96EA00949DF2 /* ContentView.swift in Sources */ = {isa = PBXBuildFile; fileRef = 606312F0292F96E800949DF2 /* ContentView.swift */; };
		6063131E292F96EA00949DF2 /* Persistence.swift in Sources */ = {isa = PBXBuildFile; fileRef = 606312F1292F96E800949DF2 /* Persistence.swift */; };
		6063131F292F96EA00949DF2 /* Persistence.swift in Sources */ = {isa = PBXBuildFile; fileRef = 606312F1292F96E800949DF2 /* Persistence.swift */; };
		60631320292F96EA00949DF2 /* Assets.xcassets in Resources */ = {isa = PBXBuildFile; fileRef = 606312F2292F96EA00949DF2 /* Assets.xcassets */; };
		60631321292F96EA00949DF2 /* Assets.xcassets in Resources */ = {isa = PBXBuildFile; fileRef = 606312F2292F96EA00949DF2 /* Assets.xcassets */; };
/* End PBXBuildFile section */

/* Begin PBXContainerItemProxy section */
		60631305292F96EA00949DF2 /* PBXContainerItemProxy */ = {
			isa = PBXContainerItemProxy;
			containerPortal = 606312E8292F96E800949DF2 /* Project object */;
			proxyType = 1;
			remoteGlobalIDString = 606312F6292F96EA00949DF2;
			remoteInfo = "HistoWeather (iOS)";
		};
		60631311292F96EA00949DF2 /* PBXContainerItemProxy */ = {
			isa = PBXContainerItemProxy;
			containerPortal = 606312E8292F96E800949DF2 /* Project object */;
			proxyType = 1;
			remoteGlobalIDString = 606312FC292F96EA00949DF2;
			remoteInfo = "HistoWeather (macOS)";
		};
/* End PBXContainerItemProxy section */

/* Begin PBXFileReference section */
		606312EE292F96E800949DF2 /* Shared.xcdatamodel */ = {isa = PBXFileReference; lastKnownFileType = wrapper.xcdatamodel; path = Shared.xcdatamodel; sourceTree = "<group>"; };
		606312EF292F96E800949DF2 /* HistoWeatherApp.swift */ = {isa = PBXFileReference; lastKnownFileType = sourcecode.swift; path = HistoWeatherApp.swift; sourceTree = "<group>"; };
		606312F0292F96E800949DF2 /* ContentView.swift */ = {isa = PBXFileReference; lastKnownFileType = sourcecode.swift; path = ContentView.swift; sourceTree = "<group>"; };
		606312F1292F96E800949DF2 /* Persistence.swift */ = {isa = PBXFileReference; lastKnownFileType = sourcecode.swift; path = Persistence.swift; sourceTree = "<group>"; };
		606312F2292F96EA00949DF2 /* Assets.xcassets */ = {isa = PBXFileReference; lastKnownFileType = folder.assetcatalog; path = Assets.xcassets; sourceTree = "<group>"; };
		606312F7292F96EA00949DF2 /* HistoWeather.app */ = {isa = PBXFileReference; explicitFileType = wrapper.application; includeInIndex = 0; path = HistoWeather.app; sourceTree = BUILT_PRODUCTS_DIR; };
		606312FD292F96EA00949DF2 /* HistoWeather.app */ = {isa = PBXFileReference; explicitFileType = wrapper.application; includeInIndex = 0; path = HistoWeather.app; sourceTree = BUILT_PRODUCTS_DIR; };
		606312FF292F96EA00949DF2 /* macOS.entitlements */ = {isa = PBXFileReference; lastKnownFileType = text.plist.entitlements; path = macOS.entitlements; sourceTree = "<group>"; };
		60631304292F96EA00949DF2 /* Tests iOS.xctest */ = {isa = PBXFileReference; explicitFileType = wrapper.cfbundle; includeInIndex = 0; path = "Tests iOS.xctest"; sourceTree = BUILT_PRODUCTS_DIR; };
		60631308292F96EA00949DF2 /* Tests_iOS.swift */ = {isa = PBXFileReference; lastKnownFileType = sourcecode.swift; path = Tests_iOS.swift; sourceTree = "<group>"; };
		6063130A292F96EA00949DF2 /* Tests_iOSLaunchTests.swift */ = {isa = PBXFileReference; lastKnownFileType = sourcecode.swift; path = Tests_iOSLaunchTests.swift; sourceTree = "<group>"; };
		60631310292F96EA00949DF2 /* Tests macOS.xctest */ = {isa = PBXFileReference; explicitFileType = wrapper.cfbundle; includeInIndex = 0; path = "Tests macOS.xctest"; sourceTree = BUILT_PRODUCTS_DIR; };
		60631314292F96EA00949DF2 /* Tests_macOS.swift */ = {isa = PBXFileReference; lastKnownFileType = sourcecode.swift; path = Tests_macOS.swift; sourceTree = "<group>"; };
		60631316292F96EA00949DF2 /* Tests_macOSLaunchTests.swift */ = {isa = PBXFileReference; lastKnownFileType = sourcecode.swift; path = Tests_macOSLaunchTests.swift; sourceTree = "<group>"; };
/* End PBXFileReference section */

/* Begin PBXFrameworksBuildPhase section */
		606312F4292F96EA00949DF2 /* Frameworks */ = {
			isa = PBXFrameworksBuildPhase;
			buildActionMask = 2147483647;
			files = (
			);
			runOnlyForDeploymentPostprocessing = 0;
		};
		606312FA292F96EA00949DF2 /* Frameworks */ = {
			isa = PBXFrameworksBuildPhase;
			buildActionMask = 2147483647;
			files = (
			);
			runOnlyForDeploymentPostprocessing = 0;
		};
		60631301292F96EA00949DF2 /* Frameworks */ = {
			isa = PBXFrameworksBuildPhase;
			buildActionMask = 2147483647;
			files = (
			);
			runOnlyForDeploymentPostprocessing = 0;
		};
		6063130D292F96EA00949DF2 /* Frameworks */ = {
			isa = PBXFrameworksBuildPhase;
			buildActionMask = 2147483647;
			files = (
			);
			runOnlyForDeploymentPostprocessing = 0;
		};
/* End PBXFrameworksBuildPhase section */

/* Begin PBXGroup section */
		606312E7292F96E800949DF2 = {
			isa = PBXGroup;
			children = (
				606312EC292F96E800949DF2 /* Shared */,
				606312FE292F96EA00949DF2 /* macOS */,
				60631307292F96EA00949DF2 /* Tests iOS */,
				60631313292F96EA00949DF2 /* Tests macOS */,
				606312F8292F96EA00949DF2 /* Products */,
			);
			sourceTree = "<group>";
		};
		606312EC292F96E800949DF2 /* Shared */ = {
			isa = PBXGroup;
			children = (
				606312EF292F96E800949DF2 /* HistoWeatherApp.swift */,
				606312F0292F96E800949DF2 /* ContentView.swift */,
				606312F1292F96E800949DF2 /* Persistence.swift */,
				606312F2292F96EA00949DF2 /* Assets.xcassets */,
				606312ED292F96E800949DF2 /* HistoWeather.xcdatamodeld */,
			);
			path = Shared;
			sourceTree = "<group>";
		};
		606312F8292F96EA00949DF2 /* Products */ = {
			isa = PBXGroup;
			children = (
				606312F7292F96EA00949DF2 /* HistoWeather.app */,
				606312FD292F96EA00949DF2 /* HistoWeather.app */,
				60631304292F96EA00949DF2 /* Tests iOS.xctest */,
				60631310292F96EA00949DF2 /* Tests macOS.xctest */,
			);
			name = Products;
			sourceTree = "<group>";
		};
		606312FE292F96EA00949DF2 /* macOS */ = {
			isa = PBXGroup;
			children = (
				606312FF292F96EA00949DF2 /* macOS.entitlements */,
			);
			path = macOS;
			sourceTree = "<group>";
		};
		60631307292F96EA00949DF2 /* Tests iOS */ = {
			isa = PBXGroup;
			children = (
				60631308292F96EA00949DF2 /* Tests_iOS.swift */,
				6063130A292F96EA00949DF2 /* Tests_iOSLaunchTests.swift */,
			);
			path = "Tests iOS";
			sourceTree = "<group>";
		};
		60631313292F96EA00949DF2 /* Tests macOS */ = {
			isa = PBXGroup;
			children = (
				60631314292F96EA00949DF2 /* Tests_macOS.swift */,
				60631316292F96EA00949DF2 /* Tests_macOSLaunchTests.swift */,
			);
			path = "Tests macOS";
			sourceTree = "<group>";
		};
/* End PBXGroup section */

/* Begin PBXNativeTarget section */
		606312F6292F96EA00949DF2 /* HistoWeather (iOS) */ = {
			isa = PBXNativeTarget;
			buildConfigurationList = 60631324292F96EA00949DF2 /* Build configuration list for PBXNativeTarget "HistoWeather (iOS)" */;
			buildPhases = (
				606312F3292F96EA00949DF2 /* Sources */,
				606312F4292F96EA00949DF2 /* Frameworks */,
				606312F5292F96EA00949DF2 /* Resources */,
			);
			buildRules = (
			);
			dependencies = (
			);
			name = "HistoWeather (iOS)";
			productName = "HistoWeather (iOS)";
			productReference = 606312F7292F96EA00949DF2 /* HistoWeather.app */;
			productType = "com.apple.product-type.application";
		};
		606312FC292F96EA00949DF2 /* HistoWeather (macOS) */ = {
			isa = PBXNativeTarget;
			buildConfigurationList = 60631327292F96EA00949DF2 /* Build configuration list for PBXNativeTarget "HistoWeather (macOS)" */;
			buildPhases = (
				606312F9292F96EA00949DF2 /* Sources */,
				606312FA292F96EA00949DF2 /* Frameworks */,
				606312FB292F96EA00949DF2 /* Resources */,
			);
			buildRules = (
			);
			dependencies = (
			);
			name = "HistoWeather (macOS)";
			productName = "HistoWeather (macOS)";
			productReference = 606312FD292F96EA00949DF2 /* HistoWeather.app */;
			productType = "com.apple.product-type.application";
		};
		60631303292F96EA00949DF2 /* Tests iOS */ = {
			isa = PBXNativeTarget;
			buildConfigurationList = 6063132A292F96EA00949DF2 /* Build configuration list for PBXNativeTarget "Tests iOS" */;
			buildPhases = (
				60631300292F96EA00949DF2 /* Sources */,
				60631301292F96EA00949DF2 /* Frameworks */,
				60631302292F96EA00949DF2 /* Resources */,
			);
			buildRules = (
			);
			dependencies = (
				60631306292F96EA00949DF2 /* PBXTargetDependency */,
			);
			name = "Tests iOS";
			productName = "Tests iOS";
			productReference = 60631304292F96EA00949DF2 /* Tests iOS.xctest */;
			productType = "com.apple.product-type.bundle.ui-testing";
		};
		6063130F292F96EA00949DF2 /* Tests macOS */ = {
			isa = PBXNativeTarget;
			buildConfigurationList = 6063132D292F96EA00949DF2 /* Build configuration list for PBXNativeTarget "Tests macOS" */;
			buildPhases = (
				6063130C292F96EA00949DF2 /* Sources */,
				6063130D292F96EA00949DF2 /* Frameworks */,
				6063130E292F96EA00949DF2 /* Resources */,
			);
			buildRules = (
			);
			dependencies = (
				60631312292F96EA00949DF2 /* PBXTargetDependency */,
			);
			name = "Tests macOS";
			productName = "Tests macOS";
			productReference = 60631310292F96EA00949DF2 /* Tests macOS.xctest */;
			productType = "com.apple.product-type.bundle.ui-testing";
		};
/* End PBXNativeTarget section */

/* Begin PBXProject section */
		606312E8292F96E800949DF2 /* Project object */ = {
			isa = PBXProject;
			attributes = {
				BuildIndependentTargetsInParallel = 1;
				LastSwiftUpdateCheck = 1320;
				LastUpgradeCheck = 1320;
				TargetAttributes = {
					606312F6292F96EA00949DF2 = {
						CreatedOnToolsVersion = 13.2.1;
					};
					606312FC292F96EA00949DF2 = {
						CreatedOnToolsVersion = 13.2.1;
					};
					60631303292F96EA00949DF2 = {
						CreatedOnToolsVersion = 13.2.1;
						TestTargetID = 606312F6292F96EA00949DF2;
					};
					6063130F292F96EA00949DF2 = {
						CreatedOnToolsVersion = 13.2.1;
						TestTargetID = 606312FC292F96EA00949DF2;
					};
				};
			};
			buildConfigurationList = 606312EB292F96E800949DF2 /* Build configuration list for PBXProject "HistoWeather" */;
			compatibilityVersion = "Xcode 13.0";
			developmentRegion = en;
			hasScannedForEncodings = 0;
			knownRegions = (
				en,
				Base,
			);
			mainGroup = 606312E7292F96E800949DF2;
			productRefGroup = 606312F8292F96EA00949DF2 /* Products */;
			projectDirPath = "";
			projectRoot = "";
			targets = (
				606312F6292F96EA00949DF2 /* HistoWeather (iOS) */,
				606312FC292F96EA00949DF2 /* HistoWeather (macOS) */,
				60631303292F96EA00949DF2 /* Tests iOS */,
				6063130F292F96EA00949DF2 /* Tests macOS */,
			);
		};
/* End PBXProject section */

/* Begin PBXResourcesBuildPhase section */
		606312F5292F96EA00949DF2 /* Resources */ = {
			isa = PBXResourcesBuildPhase;
			buildActionMask = 2147483647;
			files = (
				60631320292F96EA00949DF2 /* Assets.xcassets in Resources */,
			);
			runOnlyForDeploymentPostprocessing = 0;
		};
		606312FB292F96EA00949DF2 /* Resources */ = {
			isa = PBXResourcesBuildPhase;
			buildActionMask = 2147483647;
			files = (
				60631321292F96EA00949DF2 /* Assets.xcassets in Resources */,
			);
			runOnlyForDeploymentPostprocessing = 0;
		};
		60631302292F96EA00949DF2 /* Resources */ = {
			isa = PBXResourcesBuildPhase;
			buildActionMask = 2147483647;
			files = (
			);
			runOnlyForDeploymentPostprocessing = 0;
		};
		6063130E292F96EA00949DF2 /* Resources */ = {
			isa = PBXResourcesBuildPhase;
			buildActionMask = 2147483647;
			files = (
			);
			runOnlyForDeploymentPostprocessing = 0;
		};
/* End PBXResourcesBuildPhase section */

/* Begin PBXSourcesBuildPhase section */
		606312F3292F96EA00949DF2 /* Sources */ = {
			isa = PBXSourcesBuildPhase;
			buildActionMask = 2147483647;
			files = (
				6063131A292F96EA00949DF2 /* HistoWeatherApp.swift in Sources */,
				6063131E292F96EA00949DF2 /* Persistence.swift in Sources */,
				60631318292F96EA00949DF2 /* HistoWeather.xcdatamodeld in Sources */,
				6063131C292F96EA00949DF2 /* ContentView.swift in Sources */,
			);
			runOnlyForDeploymentPostprocessing = 0;
		};
		606312F9292F96EA00949DF2 /* Sources */ = {
			isa = PBXSourcesBuildPhase;
			buildActionMask = 2147483647;
			files = (
				6063131B292F96EA00949DF2 /* HistoWeatherApp.swift in Sources */,
				6063131F292F96EA00949DF2 /* Persistence.swift in Sources */,
				60631319292F96EA00949DF2 /* HistoWeather.xcdatamodeld in Sources */,
				6063131D292F96EA00949DF2 /* ContentView.swift in Sources */,
			);
			runOnlyForDeploymentPostprocessing = 0;
		};
		60631300292F96EA00949DF2 /* Sources */ = {
			isa = PBXSourcesBuildPhase;
			buildActionMask = 2147483647;
			files = (
				6063130B292F96EA00949DF2 /* Tests_iOSLaunchTests.swift in Sources */,
				60631309292F96EA00949DF2 /* Tests_iOS.swift in Sources */,
			);
			runOnlyForDeploymentPostprocessing = 0;
		};
		6063130C292F96EA00949DF2 /* Sources */ = {
			isa = PBXSourcesBuildPhase;
			buildActionMask = 2147483647;
			files = (
				60631317292F96EA00949DF2 /* Tests_macOSLaunchTests.swift in Sources */,
				60631315292F96EA00949DF2 /* Tests_macOS.swift in Sources */,
			);
			runOnlyForDeploymentPostprocessing = 0;
		};
/* End PBXSourcesBuildPhase section */

/* Begin PBXTargetDependency section */
		60631306292F96EA00949DF2 /* PBXTargetDependency */ = {
			isa = PBXTargetDependency;
			target = 606312F6292F96EA00949DF2 /* HistoWeather (iOS) */;
			targetProxy = 60631305292F96EA00949DF2 /* PBXContainerItemProxy */;
		};
		60631312292F96EA00949DF2 /* PBXTargetDependency */ = {
			isa = PBXTargetDependency;
			target = 606312FC292F96EA00949DF2 /* HistoWeather (macOS) */;
			targetProxy = 60631311292F96EA00949DF2 /* PBXContainerItemProxy */;
		};
/* End PBXTargetDependency section */

/* Begin XCBuildConfiguration section */
		60631322292F96EA00949DF2 /* Debug */ = {
			isa = XCBuildConfiguration;
			buildSettings = {
				ALWAYS_SEARCH_USER_PATHS = NO;
				CLANG_ANALYZER_NONNULL = YES;
				CLANG_ANALYZER_NUMBER_OBJECT_CONVERSION = YES_AGGRESSIVE;
				CLANG_CXX_LANGUAGE_STANDARD = "gnu++17";
				CLANG_CXX_LIBRARY = "libc++";
				CLANG_ENABLE_MODULES = YES;
				CLANG_ENABLE_OBJC_ARC = YES;
				CLANG_ENABLE_OBJC_WEAK = YES;
				CLANG_WARN_BLOCK_CAPTURE_AUTORELEASING = YES;
				CLANG_WARN_BOOL_CONVERSION = YES;
				CLANG_WARN_COMMA = YES;
				CLANG_WARN_CONSTANT_CONVERSION = YES;
				CLANG_WARN_DEPRECATED_OBJC_IMPLEMENTATIONS = YES;
				CLANG_WARN_DIRECT_OBJC_ISA_USAGE = YES_ERROR;
				CLANG_WARN_DOCUMENTATION_COMMENTS = YES;
				CLANG_WARN_EMPTY_BODY = YES;
				CLANG_WARN_ENUM_CONVERSION = YES;
				CLANG_WARN_INFINITE_RECURSION = YES;
				CLANG_WARN_INT_CONVERSION = YES;
				CLANG_WARN_NON_LITERAL_NULL_CONVERSION = YES;
				CLANG_WARN_OBJC_IMPLICIT_RETAIN_SELF = YES;
				CLANG_WARN_OBJC_LITERAL_CONVERSION = YES;
				CLANG_WARN_OBJC_ROOT_CLASS = YES_ERROR;
				CLANG_WARN_QUOTED_INCLUDE_IN_FRAMEWORK_HEADER = YES;
				CLANG_WARN_RANGE_LOOP_ANALYSIS = YES;
				CLANG_WARN_STRICT_PROTOTYPES = YES;
				CLANG_WARN_SUSPICIOUS_MOVE = YES;
				CLANG_WARN_UNGUARDED_AVAILABILITY = YES_AGGRESSIVE;
				CLANG_WARN_UNREACHABLE_CODE = YES;
				CLANG_WARN__DUPLICATE_METHOD_MATCH = YES;
				COPY_PHASE_STRIP = NO;
				DEBUG_INFORMATION_FORMAT = dwarf;
				ENABLE_STRICT_OBJC_MSGSEND = YES;
				ENABLE_TESTABILITY = YES;
				GCC_C_LANGUAGE_STANDARD = gnu11;
				GCC_DYNAMIC_NO_PIC = NO;
				GCC_NO_COMMON_BLOCKS = YES;
				GCC_OPTIMIZATION_LEVEL = 0;
				GCC_PREPROCESSOR_DEFINITIONS = (
					"DEBUG=1",
					"$(inherited)",
				);
				GCC_WARN_64_TO_32_BIT_CONVERSION = YES;
				GCC_WARN_ABOUT_RETURN_TYPE = YES_ERROR;
				GCC_WARN_UNDECLARED_SELECTOR = YES;
				GCC_WARN_UNINITIALIZED_AUTOS = YES_AGGRESSIVE;
				GCC_WARN_UNUSED_FUNCTION = YES;
				GCC_WARN_UNUSED_VARIABLE = YES;
				MTL_ENABLE_DEBUG_INFO = INCLUDE_SOURCE;
				MTL_FAST_MATH = YES;
				ONLY_ACTIVE_ARCH = YES;
				SWIFT_ACTIVE_COMPILATION_CONDITIONS = DEBUG;
				SWIFT_OPTIMIZATION_LEVEL = "-Onone";
			};
			name = Debug;
		};
		60631323292F96EA00949DF2 /* Release */ = {
			isa = XCBuildConfiguration;
			buildSettings = {
				ALWAYS_SEARCH_USER_PATHS = NO;
				CLANG_ANALYZER_NONNULL = YES;
				CLANG_ANALYZER_NUMBER_OBJECT_CONVERSION = YES_AGGRESSIVE;
				CLANG_CXX_LANGUAGE_STANDARD = "gnu++17";
				CLANG_CXX_LIBRARY = "libc++";
				CLANG_ENABLE_MODULES = YES;
				CLANG_ENABLE_OBJC_ARC = YES;
				CLANG_ENABLE_OBJC_WEAK = YES;
				CLANG_WARN_BLOCK_CAPTURE_AUTORELEASING = YES;
				CLANG_WARN_BOOL_CONVERSION = YES;
				CLANG_WARN_COMMA = YES;
				CLANG_WARN_CONSTANT_CONVERSION = YES;
				CLANG_WARN_DEPRECATED_OBJC_IMPLEMENTATIONS = YES;
				CLANG_WARN_DIRECT_OBJC_ISA_USAGE = YES_ERROR;
				CLANG_WARN_DOCUMENTATION_COMMENTS = YES;
				CLANG_WARN_EMPTY_BODY = YES;
				CLANG_WARN_ENUM_CONVERSION = YES;
				CLANG_WARN_INFINITE_RECURSION = YES;
				CLANG_WARN_INT_CONVERSION = YES;
				CLANG_WARN_NON_LITERAL_NULL_CONVERSION = YES;
				CLANG_WARN_OBJC_IMPLICIT_RETAIN_SELF = YES;
				CLANG_WARN_OBJC_LITERAL_CONVERSION = YES;
				CLANG_WARN_OBJC_ROOT_CLASS = YES_ERROR;
				CLANG_WARN_QUOTED_INCLUDE_IN_FRAMEWORK_HEADER = YES;
				CLANG_WARN_RANGE_LOOP_ANALYSIS = YES;
				CLANG_WARN_STRICT_PROTOTYPES = YES;
				CLANG_WARN_SUSPICIOUS_MOVE = YES;
				CLANG_WARN_UNGUARDED_AVAILABILITY = YES_AGGRESSIVE;
				CLANG_WARN_UNREACHABLE_CODE = YES;
				CLANG_WARN__DUPLICATE_METHOD_MATCH = YES;
				COPY_PHASE_STRIP = NO;
				DEBUG_INFORMATION_FORMAT = "dwarf-with-dsym";
				ENABLE_NS_ASSERTIONS = NO;
				ENABLE_STRICT_OBJC_MSGSEND = YES;
				GCC_C_LANGUAGE_STANDARD = gnu11;
				GCC_NO_COMMON_BLOCKS = YES;
				GCC_WARN_64_TO_32_BIT_CONVERSION = YES;
				GCC_WARN_ABOUT_RETURN_TYPE = YES_ERROR;
				GCC_WARN_UNDECLARED_SELECTOR = YES;
				GCC_WARN_UNINITIALIZED_AUTOS = YES_AGGRESSIVE;
				GCC_WARN_UNUSED_FUNCTION = YES;
				GCC_WARN_UNUSED_VARIABLE = YES;
				MTL_ENABLE_DEBUG_INFO = NO;
				MTL_FAST_MATH = YES;
				SWIFT_COMPILATION_MODE = wholemodule;
				SWIFT_OPTIMIZATION_LEVEL = "-O";
			};
			name = Release;
		};
		60631325292F96EA00949DF2 /* Debug */ = {
			isa = XCBuildConfiguration;
			buildSettings = {
				ASSETCATALOG_COMPILER_APPICON_NAME = AppIcon;
				ASSETCATALOG_COMPILER_GLOBAL_ACCENT_COLOR_NAME = AccentColor;
				CODE_SIGN_STYLE = Automatic;
				CURRENT_PROJECT_VERSION = 1;
				DEVELOPMENT_TEAM = 2T5AXNJUBC;
				ENABLE_PREVIEWS = YES;
				GENERATE_INFOPLIST_FILE = YES;
				INFOPLIST_KEY_UIApplicationSceneManifest_Generation = YES;
				INFOPLIST_KEY_UIApplicationSupportsIndirectInputEvents = YES;
				INFOPLIST_KEY_UILaunchScreen_Generation = YES;
				INFOPLIST_KEY_UISupportedInterfaceOrientations_iPad = "UIInterfaceOrientationPortrait UIInterfaceOrientationPortraitUpsideDown UIInterfaceOrientationLandscapeLeft UIInterfaceOrientationLandscapeRight";
				INFOPLIST_KEY_UISupportedInterfaceOrientations_iPhone = "UIInterfaceOrientationPortrait UIInterfaceOrientationLandscapeLeft UIInterfaceOrientationLandscapeRight";
				IPHONEOS_DEPLOYMENT_TARGET = 15.2;
				LD_RUNPATH_SEARCH_PATHS = (
					"$(inherited)",
					"@executable_path/Frameworks",
				);
				MARKETING_VERSION = 1.0;
				PRODUCT_BUNDLE_IDENTIFIER = tuwien.student.HistoWeather;
				PRODUCT_NAME = HistoWeather;
				SDKROOT = iphoneos;
				SWIFT_EMIT_LOC_STRINGS = YES;
				SWIFT_VERSION = 5.0;
				TARGETED_DEVICE_FAMILY = "1,2";
			};
			name = Debug;
		};
		60631326292F96EA00949DF2 /* Release */ = {
			isa = XCBuildConfiguration;
			buildSettings = {
				ASSETCATALOG_COMPILER_APPICON_NAME = AppIcon;
				ASSETCATALOG_COMPILER_GLOBAL_ACCENT_COLOR_NAME = AccentColor;
				CODE_SIGN_STYLE = Automatic;
				CURRENT_PROJECT_VERSION = 1;
				DEVELOPMENT_TEAM = 2T5AXNJUBC;
				ENABLE_PREVIEWS = YES;
				GENERATE_INFOPLIST_FILE = YES;
				INFOPLIST_KEY_UIApplicationSceneManifest_Generation = YES;
				INFOPLIST_KEY_UIApplicationSupportsIndirectInputEvents = YES;
				INFOPLIST_KEY_UILaunchScreen_Generation = YES;
				INFOPLIST_KEY_UISupportedInterfaceOrientations_iPad = "UIInterfaceOrientationPortrait UIInterfaceOrientationPortraitUpsideDown UIInterfaceOrientationLandscapeLeft UIInterfaceOrientationLandscapeRight";
				INFOPLIST_KEY_UISupportedInterfaceOrientations_iPhone = "UIInterfaceOrientationPortrait UIInterfaceOrientationLandscapeLeft UIInterfaceOrientationLandscapeRight";
				IPHONEOS_DEPLOYMENT_TARGET = 15.2;
				LD_RUNPATH_SEARCH_PATHS = (
					"$(inherited)",
					"@executable_path/Frameworks",
				);
				MARKETING_VERSION = 1.0;
				PRODUCT_BUNDLE_IDENTIFIER = tuwien.student.HistoWeather;
				PRODUCT_NAME = HistoWeather;
				SDKROOT = iphoneos;
				SWIFT_EMIT_LOC_STRINGS = YES;
				SWIFT_VERSION = 5.0;
				TARGETED_DEVICE_FAMILY = "1,2";
				VALIDATE_PRODUCT = YES;
			};
			name = Release;
		};
		60631328292F96EA00949DF2 /* Debug */ = {
			isa = XCBuildConfiguration;
			buildSettings = {
				ASSETCATALOG_COMPILER_APPICON_NAME = AppIcon;
				ASSETCATALOG_COMPILER_GLOBAL_ACCENT_COLOR_NAME = AccentColor;
				CODE_SIGN_ENTITLEMENTS = macOS/macOS.entitlements;
				CODE_SIGN_STYLE = Automatic;
				COMBINE_HIDPI_IMAGES = YES;
				CURRENT_PROJECT_VERSION = 1;
				DEVELOPMENT_TEAM = 2T5AXNJUBC;
				ENABLE_HARDENED_RUNTIME = YES;
				ENABLE_PREVIEWS = YES;
				GENERATE_INFOPLIST_FILE = YES;
				INFOPLIST_KEY_NSHumanReadableCopyright = "";
				LD_RUNPATH_SEARCH_PATHS = (
					"$(inherited)",
					"@executable_path/../Frameworks",
				);
				MACOSX_DEPLOYMENT_TARGET = 11.7;
				MARKETING_VERSION = 1.0;
				PRODUCT_BUNDLE_IDENTIFIER = tuwien.student.HistoWeather;
				PRODUCT_NAME = HistoWeather;
				SDKROOT = macosx;
				SWIFT_EMIT_LOC_STRINGS = YES;
				SWIFT_VERSION = 5.0;
			};
			name = Debug;
		};
		60631329292F96EA00949DF2 /* Release */ = {
			isa = XCBuildConfiguration;
			buildSettings = {
				ASSETCATALOG_COMPILER_APPICON_NAME = AppIcon;
				ASSETCATALOG_COMPILER_GLOBAL_ACCENT_COLOR_NAME = AccentColor;
				CODE_SIGN_ENTITLEMENTS = macOS/macOS.entitlements;
				CODE_SIGN_STYLE = Automatic;
				COMBINE_HIDPI_IMAGES = YES;
				CURRENT_PROJECT_VERSION = 1;
				DEVELOPMENT_TEAM = 2T5AXNJUBC;
				ENABLE_HARDENED_RUNTIME = YES;
				ENABLE_PREVIEWS = YES;
				GENERATE_INFOPLIST_FILE = YES;
				INFOPLIST_KEY_NSHumanReadableCopyright = "";
				LD_RUNPATH_SEARCH_PATHS = (
					"$(inherited)",
					"@executable_path/../Frameworks",
				);
				MACOSX_DEPLOYMENT_TARGET = 11.7;
				MARKETING_VERSION = 1.0;
				PRODUCT_BUNDLE_IDENTIFIER = tuwien.student.HistoWeather;
				PRODUCT_NAME = HistoWeather;
				SDKROOT = macosx;
				SWIFT_EMIT_LOC_STRINGS = YES;
				SWIFT_VERSION = 5.0;
			};
			name = Release;
		};
		6063132B292F96EA00949DF2 /* Debug */ = {
			isa = XCBuildConfiguration;
			buildSettings = {
				ALWAYS_EMBED_SWIFT_STANDARD_LIBRARIES = YES;
				CODE_SIGN_STYLE = Automatic;
				CURRENT_PROJECT_VERSION = 1;
				DEVELOPMENT_TEAM = 2T5AXNJUBC;
				GENERATE_INFOPLIST_FILE = YES;
				IPHONEOS_DEPLOYMENT_TARGET = 15.2;
				MARKETING_VERSION = 1.0;
				PRODUCT_BUNDLE_IDENTIFIER = "tuwien.student.Tests-iOS";
				PRODUCT_NAME = "$(TARGET_NAME)";
				SDKROOT = iphoneos;
				SWIFT_EMIT_LOC_STRINGS = NO;
				SWIFT_VERSION = 5.0;
				TARGETED_DEVICE_FAMILY = "1,2";
				TEST_TARGET_NAME = "HistoWeather (iOS)";
			};
			name = Debug;
		};
		6063132C292F96EA00949DF2 /* Release */ = {
			isa = XCBuildConfiguration;
			buildSettings = {
				ALWAYS_EMBED_SWIFT_STANDARD_LIBRARIES = YES;
				CODE_SIGN_STYLE = Automatic;
				CURRENT_PROJECT_VERSION = 1;
				DEVELOPMENT_TEAM = 2T5AXNJUBC;
				GENERATE_INFOPLIST_FILE = YES;
				IPHONEOS_DEPLOYMENT_TARGET = 15.2;
				MARKETING_VERSION = 1.0;
				PRODUCT_BUNDLE_IDENTIFIER = "tuwien.student.Tests-iOS";
				PRODUCT_NAME = "$(TARGET_NAME)";
				SDKROOT = iphoneos;
				SWIFT_EMIT_LOC_STRINGS = NO;
				SWIFT_VERSION = 5.0;
				TARGETED_DEVICE_FAMILY = "1,2";
				TEST_TARGET_NAME = "HistoWeather (iOS)";
				VALIDATE_PRODUCT = YES;
			};
			name = Release;
		};
		6063132E292F96EA00949DF2 /* Debug */ = {
			isa = XCBuildConfiguration;
			buildSettings = {
				ALWAYS_EMBED_SWIFT_STANDARD_LIBRARIES = YES;
				CODE_SIGN_STYLE = Automatic;
				CURRENT_PROJECT_VERSION = 1;
				DEVELOPMENT_TEAM = 2T5AXNJUBC;
				GENERATE_INFOPLIST_FILE = YES;
				MACOSX_DEPLOYMENT_TARGET = 11.7;
				MARKETING_VERSION = 1.0;
				PRODUCT_BUNDLE_IDENTIFIER = "tuwien.student.Tests-macOS";
				PRODUCT_NAME = "$(TARGET_NAME)";
				SDKROOT = macosx;
				SWIFT_EMIT_LOC_STRINGS = NO;
				SWIFT_VERSION = 5.0;
				TEST_TARGET_NAME = "HistoWeather (macOS)";
			};
			name = Debug;
		};
		6063132F292F96EA00949DF2 /* Release */ = {
			isa = XCBuildConfiguration;
			buildSettings = {
				ALWAYS_EMBED_SWIFT_STANDARD_LIBRARIES = YES;
				CODE_SIGN_STYLE = Automatic;
				CURRENT_PROJECT_VERSION = 1;
				DEVELOPMENT_TEAM = 2T5AXNJUBC;
				GENERATE_INFOPLIST_FILE = YES;
				MACOSX_DEPLOYMENT_TARGET = 11.7;
				MARKETING_VERSION = 1.0;
				PRODUCT_BUNDLE_IDENTIFIER = "tuwien.student.Tests-macOS";
				PRODUCT_NAME = "$(TARGET_NAME)";
				SDKROOT = macosx;
				SWIFT_EMIT_LOC_STRINGS = NO;
				SWIFT_VERSION = 5.0;
				TEST_TARGET_NAME = "HistoWeather (macOS)";
			};
			name = Release;
		};
/* End XCBuildConfiguration section */

/* Begin XCConfigurationList section */
		606312EB292F96E800949DF2 /* Build configuration list for PBXProject "HistoWeather" */ = {
			isa = XCConfigurationList;
			buildConfigurations = (
				60631322292F96EA00949DF2 /* Debug */,
				60631323292F96EA00949DF2 /* Release */,
			);
			defaultConfigurationIsVisible = 0;
			defaultConfigurationName = Release;
		};
		60631324292F96EA00949DF2 /* Build configuration list for PBXNativeTarget "HistoWeather (iOS)" */ = {
			isa = XCConfigurationList;
			buildConfigurations = (
				60631325292F96EA00949DF2 /* Debug */,
				60631326292F96EA00949DF2 /* Release */,
			);
			defaultConfigurationIsVisible = 0;
			defaultConfigurationName = Release;
		};
		60631327292F96EA00949DF2 /* Build configuration list for PBXNativeTarget "HistoWeather (macOS)" */ = {
			isa = XCConfigurationList;
			buildConfigurations = (
				60631328292F96EA00949DF2 /* Debug */,
				60631329292F96EA00949DF2 /* Release */,
			);
			defaultConfigurationIsVisible = 0;
			defaultConfigurationName = Release;
		};
		6063132A292F96EA00949DF2 /* Build configuration list for PBXNativeTarget "Tests iOS" */ = {
			isa = XCConfigurationList;
			buildConfigurations = (
				6063132B292F96EA00949DF2 /* Debug */,
				6063132C292F96EA00949DF2 /* Release */,
			);
			defaultConfigurationIsVisible = 0;
			defaultConfigurationName = Release;
		};
		6063132D292F96EA00949DF2 /* Build configuration list for PBXNativeTarget "Tests macOS" */ = {
			isa = XCConfigurationList;
			buildConfigurations = (
				6063132E292F96EA00949DF2 /* Debug */,
				6063132F292F96EA00949DF2 /* Release */,
			);
			defaultConfigurationIsVisible = 0;
			defaultConfigurationName = Release;
		};
/* End XCConfigurationList section */

/* Begin XCVersionGroup section */
		606312ED292F96E800949DF2 /* HistoWeather.xcdatamodeld */ = {
			isa = XCVersionGroup;
			children = (
				606312EE292F96E800949DF2 /* Shared.xcdatamodel */,
			);
			currentVersion = 606312EE292F96E800949DF2 /* Shared.xcdatamodel */;
			path = HistoWeather.xcdatamodeld;
			sourceTree = "<group>";
			versionGroupType = wrapper.xcdatamodel;
		};
/* End XCVersionGroup section */
	};
	rootObject = 606312E8292F96E800949DF2 /* Project object */;
}
