// !$*UTF8*$!
{
	archiveVersion = 1;
	classes = {
	};
	objectVersion = 56;
	objects = {

/* Begin PBXBuildFile section */
		0794C3B2292F9A660081669D /* HistoWeatherApp.swift in Sources */ = {isa = PBXBuildFile; fileRef = 0794C3B1292F9A660081669D /* HistoWeatherApp.swift */; };
		0794C3B4292F9A660081669D /* Persistence.swift in Sources */ = {isa = PBXBuildFile; fileRef = 0794C3B3292F9A660081669D /* Persistence.swift */; };
		0794C3B7292F9A660081669D /* HistoWeather.xcdatamodeld in Sources */ = {isa = PBXBuildFile; fileRef = 0794C3B5292F9A660081669D /* HistoWeather.xcdatamodeld */; };
		0794C3B9292F9A660081669D /* ContentView.swift in Sources */ = {isa = PBXBuildFile; fileRef = 0794C3B8292F9A660081669D /* ContentView.swift */; };
		0794C3BB292F9A660081669D /* Assets.xcassets in Resources */ = {isa = PBXBuildFile; fileRef = 0794C3BA292F9A660081669D /* Assets.xcassets */; };
		0794C3BF292F9A660081669D /* Preview Assets.xcassets in Resources */ = {isa = PBXBuildFile; fileRef = 0794C3BE292F9A660081669D /* Preview Assets.xcassets */; };
		0794C3C9292F9A670081669D /* HistoWeatherTests.swift in Sources */ = {isa = PBXBuildFile; fileRef = 0794C3C8292F9A670081669D /* HistoWeatherTests.swift */; };
		0794C3D3292F9A670081669D /* HistoWeatherUITests.swift in Sources */ = {isa = PBXBuildFile; fileRef = 0794C3D2292F9A670081669D /* HistoWeatherUITests.swift */; };
		0794C3D5292F9A670081669D /* HistoWeatherUITestsLaunchTests.swift in Sources */ = {isa = PBXBuildFile; fileRef = 0794C3D4292F9A670081669D /* HistoWeatherUITestsLaunchTests.swift */; };
/* End PBXBuildFile section */

/* Begin PBXContainerItemProxy section */
		0794C3C5292F9A670081669D /* PBXContainerItemProxy */ = {
			isa = PBXContainerItemProxy;
			containerPortal = 0794C3A6292F9A660081669D /* Project object */;
			proxyType = 1;
			remoteGlobalIDString = 0794C3AD292F9A660081669D;
			remoteInfo = HistoWeather;
		};
		0794C3CF292F9A670081669D /* PBXContainerItemProxy */ = {
			isa = PBXContainerItemProxy;
			containerPortal = 0794C3A6292F9A660081669D /* Project object */;
			proxyType = 1;
			remoteGlobalIDString = 0794C3AD292F9A660081669D;
			remoteInfo = HistoWeather;
		};
/* End PBXContainerItemProxy section */

/* Begin PBXFileReference section */
		0794C3AE292F9A660081669D /* HistoWeather.app */ = {isa = PBXFileReference; explicitFileType = wrapper.application; includeInIndex = 0; path = HistoWeather.app; sourceTree = BUILT_PRODUCTS_DIR; };
		0794C3B1292F9A660081669D /* HistoWeatherApp.swift */ = {isa = PBXFileReference; lastKnownFileType = sourcecode.swift; path = HistoWeatherApp.swift; sourceTree = "<group>"; };
		0794C3B3292F9A660081669D /* Persistence.swift */ = {isa = PBXFileReference; lastKnownFileType = sourcecode.swift; path = Persistence.swift; sourceTree = "<group>"; };
		0794C3B6292F9A660081669D /* HistoWeather.xcdatamodel */ = {isa = PBXFileReference; lastKnownFileType = wrapper.xcdatamodel; path = HistoWeather.xcdatamodel; sourceTree = "<group>"; };
		0794C3B8292F9A660081669D /* ContentView.swift */ = {isa = PBXFileReference; lastKnownFileType = sourcecode.swift; path = ContentView.swift; sourceTree = "<group>"; };
		0794C3BA292F9A660081669D /* Assets.xcassets */ = {isa = PBXFileReference; lastKnownFileType = folder.assetcatalog; path = Assets.xcassets; sourceTree = "<group>"; };
		0794C3BC292F9A660081669D /* HistoWeather.entitlements */ = {isa = PBXFileReference; lastKnownFileType = text.plist.entitlements; path = HistoWeather.entitlements; sourceTree = "<group>"; };
		0794C3BE292F9A660081669D /* Preview Assets.xcassets */ = {isa = PBXFileReference; lastKnownFileType = folder.assetcatalog; path = "Preview Assets.xcassets"; sourceTree = "<group>"; };
		0794C3C4292F9A670081669D /* HistoWeatherTests.xctest */ = {isa = PBXFileReference; explicitFileType = wrapper.cfbundle; includeInIndex = 0; path = HistoWeatherTests.xctest; sourceTree = BUILT_PRODUCTS_DIR; };
		0794C3C8292F9A670081669D /* HistoWeatherTests.swift */ = {isa = PBXFileReference; lastKnownFileType = sourcecode.swift; path = HistoWeatherTests.swift; sourceTree = "<group>"; };
		0794C3CE292F9A670081669D /* HistoWeatherUITests.xctest */ = {isa = PBXFileReference; explicitFileType = wrapper.cfbundle; includeInIndex = 0; path = HistoWeatherUITests.xctest; sourceTree = BUILT_PRODUCTS_DIR; };
		0794C3D2292F9A670081669D /* HistoWeatherUITests.swift */ = {isa = PBXFileReference; lastKnownFileType = sourcecode.swift; path = HistoWeatherUITests.swift; sourceTree = "<group>"; };
		0794C3D4292F9A670081669D /* HistoWeatherUITestsLaunchTests.swift */ = {isa = PBXFileReference; lastKnownFileType = sourcecode.swift; path = HistoWeatherUITestsLaunchTests.swift; sourceTree = "<group>"; };
/* End PBXFileReference section */

/* Begin PBXFrameworksBuildPhase section */
		0794C3AB292F9A660081669D /* Frameworks */ = {
			isa = PBXFrameworksBuildPhase;
			buildActionMask = 2147483647;
			files = (
			);
			runOnlyForDeploymentPostprocessing = 0;
		};
		0794C3C1292F9A670081669D /* Frameworks */ = {
			isa = PBXFrameworksBuildPhase;
			buildActionMask = 2147483647;
			files = (
			);
			runOnlyForDeploymentPostprocessing = 0;
		};
		0794C3CB292F9A670081669D /* Frameworks */ = {
			isa = PBXFrameworksBuildPhase;
			buildActionMask = 2147483647;
			files = (
			);
			runOnlyForDeploymentPostprocessing = 0;
		};
/* End PBXFrameworksBuildPhase section */

/* Begin PBXGroup section */
		0794C3A5292F9A660081669D = {
			isa = PBXGroup;
			children = (
				0794C3B0292F9A660081669D /* HistoWeather */,
				0794C3C7292F9A670081669D /* HistoWeatherTests */,
				0794C3D1292F9A670081669D /* HistoWeatherUITests */,
				0794C3AF292F9A660081669D /* Products */,
			);
			sourceTree = "<group>";
		};
		0794C3AF292F9A660081669D /* Products */ = {
			isa = PBXGroup;
			children = (
				0794C3AE292F9A660081669D /* HistoWeather.app */,
				0794C3C4292F9A670081669D /* HistoWeatherTests.xctest */,
				0794C3CE292F9A670081669D /* HistoWeatherUITests.xctest */,
			);
			name = Products;
			sourceTree = "<group>";
		};
		0794C3B0292F9A660081669D /* HistoWeather */ = {
			isa = PBXGroup;
			children = (
				0794C3B1292F9A660081669D /* HistoWeatherApp.swift */,
				0794C3B3292F9A660081669D /* Persistence.swift */,
				0794C3B8292F9A660081669D /* ContentView.swift */,
				0794C3BA292F9A660081669D /* Assets.xcassets */,
				0794C3BC292F9A660081669D /* HistoWeather.entitlements */,
				0794C3B5292F9A660081669D /* HistoWeather.xcdatamodeld */,
				0794C3BD292F9A660081669D /* Preview Content */,
			);
			path = HistoWeather;
			sourceTree = "<group>";
		};
		0794C3BD292F9A660081669D /* Preview Content */ = {
			isa = PBXGroup;
			children = (
				0794C3BE292F9A660081669D /* Preview Assets.xcassets */,
			);
			path = "Preview Content";
			sourceTree = "<group>";
		};
		0794C3C7292F9A670081669D /* HistoWeatherTests */ = {
			isa = PBXGroup;
			children = (
				0794C3C8292F9A670081669D /* HistoWeatherTests.swift */,
			);
			path = HistoWeatherTests;
			sourceTree = "<group>";
		};
		0794C3D1292F9A670081669D /* HistoWeatherUITests */ = {
			isa = PBXGroup;
			children = (
				0794C3D2292F9A670081669D /* HistoWeatherUITests.swift */,
				0794C3D4292F9A670081669D /* HistoWeatherUITestsLaunchTests.swift */,
			);
			path = HistoWeatherUITests;
			sourceTree = "<group>";
		};
/* End PBXGroup section */

/* Begin PBXNativeTarget section */
		0794C3AD292F9A660081669D /* HistoWeather */ = {
			isa = PBXNativeTarget;
			buildConfigurationList = 0794C3D8292F9A670081669D /* Build configuration list for PBXNativeTarget "HistoWeather" */;
			buildPhases = (
				0794C3AA292F9A660081669D /* Sources */,
				0794C3AB292F9A660081669D /* Frameworks */,
				0794C3AC292F9A660081669D /* Resources */,
			);
			buildRules = (
			);
			dependencies = (
			);
			name = HistoWeather;
			productName = HistoWeather;
			productReference = 0794C3AE292F9A660081669D /* HistoWeather.app */;
			productType = "com.apple.product-type.application";
		};
		0794C3C3292F9A670081669D /* HistoWeatherTests */ = {
			isa = PBXNativeTarget;
			buildConfigurationList = 0794C3DB292F9A670081669D /* Build configuration list for PBXNativeTarget "HistoWeatherTests" */;
			buildPhases = (
				0794C3C0292F9A670081669D /* Sources */,
				0794C3C1292F9A670081669D /* Frameworks */,
				0794C3C2292F9A670081669D /* Resources */,
			);
			buildRules = (
			);
			dependencies = (
				0794C3C6292F9A670081669D /* PBXTargetDependency */,
			);
			name = HistoWeatherTests;
			productName = HistoWeatherTests;
			productReference = 0794C3C4292F9A670081669D /* HistoWeatherTests.xctest */;
			productType = "com.apple.product-type.bundle.unit-test";
		};
		0794C3CD292F9A670081669D /* HistoWeatherUITests */ = {
			isa = PBXNativeTarget;
			buildConfigurationList = 0794C3DE292F9A670081669D /* Build configuration list for PBXNativeTarget "HistoWeatherUITests" */;
			buildPhases = (
				0794C3CA292F9A670081669D /* Sources */,
				0794C3CB292F9A670081669D /* Frameworks */,
				0794C3CC292F9A670081669D /* Resources */,
			);
			buildRules = (
			);
			dependencies = (
				0794C3D0292F9A670081669D /* PBXTargetDependency */,
			);
			name = HistoWeatherUITests;
			productName = HistoWeatherUITests;
			productReference = 0794C3CE292F9A670081669D /* HistoWeatherUITests.xctest */;
			productType = "com.apple.product-type.bundle.ui-testing";
		};
/* End PBXNativeTarget section */

/* Begin PBXProject section */
		0794C3A6292F9A660081669D /* Project object */ = {
			isa = PBXProject;
			attributes = {
				BuildIndependentTargetsInParallel = 1;
				LastSwiftUpdateCheck = 1410;
				LastUpgradeCheck = 1410;
				TargetAttributes = {
					0794C3AD292F9A660081669D = {
						CreatedOnToolsVersion = 14.1;
					};
					0794C3C3292F9A670081669D = {
						CreatedOnToolsVersion = 14.1;
						TestTargetID = 0794C3AD292F9A660081669D;
					};
					0794C3CD292F9A670081669D = {
						CreatedOnToolsVersion = 14.1;
						TestTargetID = 0794C3AD292F9A660081669D;
					};
				};
			};
			buildConfigurationList = 0794C3A9292F9A660081669D /* Build configuration list for PBXProject "HistoWeather" */;
			compatibilityVersion = "Xcode 14.0";
			developmentRegion = en;
			hasScannedForEncodings = 0;
			knownRegions = (
				en,
				Base,
			);
			mainGroup = 0794C3A5292F9A660081669D;
			productRefGroup = 0794C3AF292F9A660081669D /* Products */;
			projectDirPath = "";
			projectRoot = "";
			targets = (
				0794C3AD292F9A660081669D /* HistoWeather */,
				0794C3C3292F9A670081669D /* HistoWeatherTests */,
				0794C3CD292F9A670081669D /* HistoWeatherUITests */,
			);
		};
/* End PBXProject section */

/* Begin PBXResourcesBuildPhase section */
		0794C3AC292F9A660081669D /* Resources */ = {
			isa = PBXResourcesBuildPhase;
			buildActionMask = 2147483647;
			files = (
				0794C3BF292F9A660081669D /* Preview Assets.xcassets in Resources */,
				0794C3BB292F9A660081669D /* Assets.xcassets in Resources */,
			);
			runOnlyForDeploymentPostprocessing = 0;
		};
		0794C3C2292F9A670081669D /* Resources */ = {
			isa = PBXResourcesBuildPhase;
			buildActionMask = 2147483647;
			files = (
			);
			runOnlyForDeploymentPostprocessing = 0;
		};
		0794C3CC292F9A670081669D /* Resources */ = {
			isa = PBXResourcesBuildPhase;
			buildActionMask = 2147483647;
			files = (
			);
			runOnlyForDeploymentPostprocessing = 0;
		};
/* End PBXResourcesBuildPhase section */

/* Begin PBXSourcesBuildPhase section */
		0794C3AA292F9A660081669D /* Sources */ = {
			isa = PBXSourcesBuildPhase;
			buildActionMask = 2147483647;
			files = (
				0794C3B2292F9A660081669D /* HistoWeatherApp.swift in Sources */,
				0794C3B4292F9A660081669D /* Persistence.swift in Sources */,
				0794C3B9292F9A660081669D /* ContentView.swift in Sources */,
				0794C3B7292F9A660081669D /* HistoWeather.xcdatamodeld in Sources */,
			);
			runOnlyForDeploymentPostprocessing = 0;
		};
		0794C3C0292F9A670081669D /* Sources */ = {
			isa = PBXSourcesBuildPhase;
			buildActionMask = 2147483647;
			files = (
				0794C3C9292F9A670081669D /* HistoWeatherTests.swift in Sources */,
			);
			runOnlyForDeploymentPostprocessing = 0;
		};
		0794C3CA292F9A670081669D /* Sources */ = {
			isa = PBXSourcesBuildPhase;
			buildActionMask = 2147483647;
			files = (
				0794C3D3292F9A670081669D /* HistoWeatherUITests.swift in Sources */,
				0794C3D5292F9A670081669D /* HistoWeatherUITestsLaunchTests.swift in Sources */,
			);
			runOnlyForDeploymentPostprocessing = 0;
		};
/* End PBXSourcesBuildPhase section */

/* Begin PBXTargetDependency section */
		0794C3C6292F9A670081669D /* PBXTargetDependency */ = {
			isa = PBXTargetDependency;
			target = 0794C3AD292F9A660081669D /* HistoWeather */;
			targetProxy = 0794C3C5292F9A670081669D /* PBXContainerItemProxy */;
		};
		0794C3D0292F9A670081669D /* PBXTargetDependency */ = {
			isa = PBXTargetDependency;
			target = 0794C3AD292F9A660081669D /* HistoWeather */;
			targetProxy = 0794C3CF292F9A670081669D /* PBXContainerItemProxy */;
		};
/* End PBXTargetDependency section */

/* Begin XCBuildConfiguration section */
		0794C3D6292F9A670081669D /* Debug */ = {
			isa = XCBuildConfiguration;
			buildSettings = {
				ALWAYS_SEARCH_USER_PATHS = NO;
				CLANG_ANALYZER_NONNULL = YES;
				CLANG_ANALYZER_NUMBER_OBJECT_CONVERSION = YES_AGGRESSIVE;
				CLANG_CXX_LANGUAGE_STANDARD = "gnu++20";
				CLANG_ENABLE_MODULES = YES;
				CLANG_ENABLE_OBJC_ARC = YES;
				CLANG_ENABLE_OBJC_WEAK = YES;
				CLANG_WARN_BLOCK_CAPTURE_AUTORELEASING = YES;
				CLANG_WARN_BOOL_CONVERSION = YES;
				CLANG_WARN_COMMA = YES;
				CLANG_WARN_CONSTANT_CONVERSION = YES;
				CLANG_WARN_DEPRECATED_OBJC_IMPLEMENTATIONS = YES;
				CLANG_WARN_DIRECT_OBJC_ISA_USAGE = YES_ERROR;
				CLANG_WARN_DOCUMENTATION_COMMENTS = YES;
				CLANG_WARN_EMPTY_BODY = YES;
				CLANG_WARN_ENUM_CONVERSION = YES;
				CLANG_WARN_INFINITE_RECURSION = YES;
				CLANG_WARN_INT_CONVERSION = YES;
				CLANG_WARN_NON_LITERAL_NULL_CONVERSION = YES;
				CLANG_WARN_OBJC_IMPLICIT_RETAIN_SELF = YES;
				CLANG_WARN_OBJC_LITERAL_CONVERSION = YES;
				CLANG_WARN_OBJC_ROOT_CLASS = YES_ERROR;
				CLANG_WARN_QUOTED_INCLUDE_IN_FRAMEWORK_HEADER = YES;
				CLANG_WARN_RANGE_LOOP_ANALYSIS = YES;
				CLANG_WARN_STRICT_PROTOTYPES = YES;
				CLANG_WARN_SUSPICIOUS_MOVE = YES;
				CLANG_WARN_UNGUARDED_AVAILABILITY = YES_AGGRESSIVE;
				CLANG_WARN_UNREACHABLE_CODE = YES;
				CLANG_WARN__DUPLICATE_METHOD_MATCH = YES;
				COPY_PHASE_STRIP = NO;
				DEBUG_INFORMATION_FORMAT = dwarf;
				ENABLE_STRICT_OBJC_MSGSEND = YES;
				ENABLE_TESTABILITY = YES;
				GCC_C_LANGUAGE_STANDARD = gnu11;
				GCC_DYNAMIC_NO_PIC = NO;
				GCC_NO_COMMON_BLOCKS = YES;
				GCC_OPTIMIZATION_LEVEL = 0;
				GCC_PREPROCESSOR_DEFINITIONS = (
					"DEBUG=1",
					"$(inherited)",
				);
				GCC_WARN_64_TO_32_BIT_CONVERSION = YES;
				GCC_WARN_ABOUT_RETURN_TYPE = YES_ERROR;
				GCC_WARN_UNDECLARED_SELECTOR = YES;
				GCC_WARN_UNINITIALIZED_AUTOS = YES_AGGRESSIVE;
				GCC_WARN_UNUSED_FUNCTION = YES;
				GCC_WARN_UNUSED_VARIABLE = YES;
				MTL_ENABLE_DEBUG_INFO = INCLUDE_SOURCE;
				MTL_FAST_MATH = YES;
				ONLY_ACTIVE_ARCH = YES;
				SWIFT_ACTIVE_COMPILATION_CONDITIONS = DEBUG;
				SWIFT_OPTIMIZATION_LEVEL = "-Onone";
			};
			name = Debug;
		};
		0794C3D7292F9A670081669D /* Release */ = {
			isa = XCBuildConfiguration;
			buildSettings = {
				ALWAYS_SEARCH_USER_PATHS = NO;
				CLANG_ANALYZER_NONNULL = YES;
				CLANG_ANALYZER_NUMBER_OBJECT_CONVERSION = YES_AGGRESSIVE;
				CLANG_CXX_LANGUAGE_STANDARD = "gnu++20";
				CLANG_ENABLE_MODULES = YES;
				CLANG_ENABLE_OBJC_ARC = YES;
				CLANG_ENABLE_OBJC_WEAK = YES;
				CLANG_WARN_BLOCK_CAPTURE_AUTORELEASING = YES;
				CLANG_WARN_BOOL_CONVERSION = YES;
				CLANG_WARN_COMMA = YES;
				CLANG_WARN_CONSTANT_CONVERSION = YES;
				CLANG_WARN_DEPRECATED_OBJC_IMPLEMENTATIONS = YES;
				CLANG_WARN_DIRECT_OBJC_ISA_USAGE = YES_ERROR;
				CLANG_WARN_DOCUMENTATION_COMMENTS = YES;
				CLANG_WARN_EMPTY_BODY = YES;
				CLANG_WARN_ENUM_CONVERSION = YES;
				CLANG_WARN_INFINITE_RECURSION = YES;
				CLANG_WARN_INT_CONVERSION = YES;
				CLANG_WARN_NON_LITERAL_NULL_CONVERSION = YES;
				CLANG_WARN_OBJC_IMPLICIT_RETAIN_SELF = YES;
				CLANG_WARN_OBJC_LITERAL_CONVERSION = YES;
				CLANG_WARN_OBJC_ROOT_CLASS = YES_ERROR;
				CLANG_WARN_QUOTED_INCLUDE_IN_FRAMEWORK_HEADER = YES;
				CLANG_WARN_RANGE_LOOP_ANALYSIS = YES;
				CLANG_WARN_STRICT_PROTOTYPES = YES;
				CLANG_WARN_SUSPICIOUS_MOVE = YES;
				CLANG_WARN_UNGUARDED_AVAILABILITY = YES_AGGRESSIVE;
				CLANG_WARN_UNREACHABLE_CODE = YES;
				CLANG_WARN__DUPLICATE_METHOD_MATCH = YES;
				COPY_PHASE_STRIP = NO;
				DEBUG_INFORMATION_FORMAT = "dwarf-with-dsym";
				ENABLE_NS_ASSERTIONS = NO;
				ENABLE_STRICT_OBJC_MSGSEND = YES;
				GCC_C_LANGUAGE_STANDARD = gnu11;
				GCC_NO_COMMON_BLOCKS = YES;
				GCC_WARN_64_TO_32_BIT_CONVERSION = YES;
				GCC_WARN_ABOUT_RETURN_TYPE = YES_ERROR;
				GCC_WARN_UNDECLARED_SELECTOR = YES;
				GCC_WARN_UNINITIALIZED_AUTOS = YES_AGGRESSIVE;
				GCC_WARN_UNUSED_FUNCTION = YES;
				GCC_WARN_UNUSED_VARIABLE = YES;
				MTL_ENABLE_DEBUG_INFO = NO;
				MTL_FAST_MATH = YES;
				SWIFT_COMPILATION_MODE = wholemodule;
				SWIFT_OPTIMIZATION_LEVEL = "-O";
			};
			name = Release;
		};
		0794C3D9292F9A670081669D /* Debug */ = {
			isa = XCBuildConfiguration;
			buildSettings = {
				ASSETCATALOG_COMPILER_APPICON_NAME = AppIcon;
				ASSETCATALOG_COMPILER_GLOBAL_ACCENT_COLOR_NAME = AccentColor;
				CODE_SIGN_ENTITLEMENTS = HistoWeather/HistoWeather.entitlements;
				CODE_SIGN_STYLE = Automatic;
				CURRENT_PROJECT_VERSION = 1;
				DEVELOPMENT_ASSET_PATHS = "\"HistoWeather/Preview Content\"";
				ENABLE_PREVIEWS = YES;
				GENERATE_INFOPLIST_FILE = YES;
				"INFOPLIST_KEY_UIApplicationSceneManifest_Generation[sdk=iphoneos*]" = YES;
				"INFOPLIST_KEY_UIApplicationSceneManifest_Generation[sdk=iphonesimulator*]" = YES;
				"INFOPLIST_KEY_UIApplicationSupportsIndirectInputEvents[sdk=iphoneos*]" = YES;
				"INFOPLIST_KEY_UIApplicationSupportsIndirectInputEvents[sdk=iphonesimulator*]" = YES;
				"INFOPLIST_KEY_UILaunchScreen_Generation[sdk=iphoneos*]" = YES;
				"INFOPLIST_KEY_UILaunchScreen_Generation[sdk=iphonesimulator*]" = YES;
				"INFOPLIST_KEY_UIStatusBarStyle[sdk=iphoneos*]" = UIStatusBarStyleDefault;
				"INFOPLIST_KEY_UIStatusBarStyle[sdk=iphonesimulator*]" = UIStatusBarStyleDefault;
				INFOPLIST_KEY_UISupportedInterfaceOrientations_iPad = "UIInterfaceOrientationPortrait UIInterfaceOrientationPortraitUpsideDown UIInterfaceOrientationLandscapeLeft UIInterfaceOrientationLandscapeRight";
				INFOPLIST_KEY_UISupportedInterfaceOrientations_iPhone = "UIInterfaceOrientationPortrait UIInterfaceOrientationLandscapeLeft UIInterfaceOrientationLandscapeRight";
				IPHONEOS_DEPLOYMENT_TARGET = 16.1;
				LD_RUNPATH_SEARCH_PATHS = "@executable_path/Frameworks";
				"LD_RUNPATH_SEARCH_PATHS[sdk=macosx*]" = "@executable_path/../Frameworks";
				MACOSX_DEPLOYMENT_TARGET = 13.0;
				MARKETING_VERSION = 1.0;
				PRODUCT_BUNDLE_IDENTIFIER = tuwien.student.HistoWeather;
				PRODUCT_NAME = "$(TARGET_NAME)";
				SDKROOT = auto;
				SUPPORTED_PLATFORMS = "iphoneos iphonesimulator macosx";
				SWIFT_EMIT_LOC_STRINGS = YES;
				SWIFT_VERSION = 5.0;
				TARGETED_DEVICE_FAMILY = "1,2";
			};
			name = Debug;
		};
		0794C3DA292F9A670081669D /* Release */ = {
			isa = XCBuildConfiguration;
			buildSettings = {
				ASSETCATALOG_COMPILER_APPICON_NAME = AppIcon;
				ASSETCATALOG_COMPILER_GLOBAL_ACCENT_COLOR_NAME = AccentColor;
				CODE_SIGN_ENTITLEMENTS = HistoWeather/HistoWeather.entitlements;
				CODE_SIGN_STYLE = Automatic;
				CURRENT_PROJECT_VERSION = 1;
				DEVELOPMENT_ASSET_PATHS = "\"HistoWeather/Preview Content\"";
				ENABLE_PREVIEWS = YES;
				GENERATE_INFOPLIST_FILE = YES;
				"INFOPLIST_KEY_UIApplicationSceneManifest_Generation[sdk=iphoneos*]" = YES;
				"INFOPLIST_KEY_UIApplicationSceneManifest_Generation[sdk=iphonesimulator*]" = YES;
				"INFOPLIST_KEY_UIApplicationSupportsIndirectInputEvents[sdk=iphoneos*]" = YES;
				"INFOPLIST_KEY_UIApplicationSupportsIndirectInputEvents[sdk=iphonesimulator*]" = YES;
				"INFOPLIST_KEY_UILaunchScreen_Generation[sdk=iphoneos*]" = YES;
				"INFOPLIST_KEY_UILaunchScreen_Generation[sdk=iphonesimulator*]" = YES;
				"INFOPLIST_KEY_UIStatusBarStyle[sdk=iphoneos*]" = UIStatusBarStyleDefault;
				"INFOPLIST_KEY_UIStatusBarStyle[sdk=iphonesimulator*]" = UIStatusBarStyleDefault;
				INFOPLIST_KEY_UISupportedInterfaceOrientations_iPad = "UIInterfaceOrientationPortrait UIInterfaceOrientationPortraitUpsideDown UIInterfaceOrientationLandscapeLeft UIInterfaceOrientationLandscapeRight";
				INFOPLIST_KEY_UISupportedInterfaceOrientations_iPhone = "UIInterfaceOrientationPortrait UIInterfaceOrientationLandscapeLeft UIInterfaceOrientationLandscapeRight";
				IPHONEOS_DEPLOYMENT_TARGET = 16.1;
				LD_RUNPATH_SEARCH_PATHS = "@executable_path/Frameworks";
				"LD_RUNPATH_SEARCH_PATHS[sdk=macosx*]" = "@executable_path/../Frameworks";
				MACOSX_DEPLOYMENT_TARGET = 13.0;
				MARKETING_VERSION = 1.0;
				PRODUCT_BUNDLE_IDENTIFIER = tuwien.student.HistoWeather;
				PRODUCT_NAME = "$(TARGET_NAME)";
				SDKROOT = auto;
				SUPPORTED_PLATFORMS = "iphoneos iphonesimulator macosx";
				SWIFT_EMIT_LOC_STRINGS = YES;
				SWIFT_VERSION = 5.0;
				TARGETED_DEVICE_FAMILY = "1,2";
			};
			name = Release;
		};
		0794C3DC292F9A670081669D /* Debug */ = {
			isa = XCBuildConfiguration;
			buildSettings = {
				ALWAYS_EMBED_SWIFT_STANDARD_LIBRARIES = YES;
				BUNDLE_LOADER = "$(TEST_HOST)";
				CODE_SIGN_STYLE = Automatic;
				CURRENT_PROJECT_VERSION = 1;
				GENERATE_INFOPLIST_FILE = YES;
				IPHONEOS_DEPLOYMENT_TARGET = 16.1;
				MACOSX_DEPLOYMENT_TARGET = 13.0;
				MARKETING_VERSION = 1.0;
				PRODUCT_BUNDLE_IDENTIFIER = tuwien.student.HistoWeatherTests;
				PRODUCT_NAME = "$(TARGET_NAME)";
				SDKROOT = auto;
				SUPPORTED_PLATFORMS = "iphoneos iphonesimulator macosx";
				SWIFT_EMIT_LOC_STRINGS = NO;
				SWIFT_VERSION = 5.0;
				TARGETED_DEVICE_FAMILY = "1,2";
				TEST_HOST = "$(BUILT_PRODUCTS_DIR)/HistoWeather.app/$(BUNDLE_EXECUTABLE_FOLDER_PATH)/HistoWeather";
			};
			name = Debug;
		};
		0794C3DD292F9A670081669D /* Release */ = {
			isa = XCBuildConfiguration;
			buildSettings = {
				ALWAYS_EMBED_SWIFT_STANDARD_LIBRARIES = YES;
				BUNDLE_LOADER = "$(TEST_HOST)";
				CODE_SIGN_STYLE = Automatic;
				CURRENT_PROJECT_VERSION = 1;
				GENERATE_INFOPLIST_FILE = YES;
				IPHONEOS_DEPLOYMENT_TARGET = 16.1;
				MACOSX_DEPLOYMENT_TARGET = 13.0;
				MARKETING_VERSION = 1.0;
				PRODUCT_BUNDLE_IDENTIFIER = tuwien.student.HistoWeatherTests;
				PRODUCT_NAME = "$(TARGET_NAME)";
				SDKROOT = auto;
				SUPPORTED_PLATFORMS = "iphoneos iphonesimulator macosx";
				SWIFT_EMIT_LOC_STRINGS = NO;
				SWIFT_VERSION = 5.0;
				TARGETED_DEVICE_FAMILY = "1,2";
				TEST_HOST = "$(BUILT_PRODUCTS_DIR)/HistoWeather.app/$(BUNDLE_EXECUTABLE_FOLDER_PATH)/HistoWeather";
			};
			name = Release;
		};
		0794C3DF292F9A670081669D /* Debug */ = {
			isa = XCBuildConfiguration;
			buildSettings = {
				ALWAYS_EMBED_SWIFT_STANDARD_LIBRARIES = YES;
				CODE_SIGN_STYLE = Automatic;
				CURRENT_PROJECT_VERSION = 1;
				GENERATE_INFOPLIST_FILE = YES;
				IPHONEOS_DEPLOYMENT_TARGET = 16.1;
				MACOSX_DEPLOYMENT_TARGET = 13.0;
				MARKETING_VERSION = 1.0;
				PRODUCT_BUNDLE_IDENTIFIER = tuwien.student.HistoWeatherUITests;
				PRODUCT_NAME = "$(TARGET_NAME)";
				SDKROOT = auto;
				SUPPORTED_PLATFORMS = "iphoneos iphonesimulator macosx";
				SWIFT_EMIT_LOC_STRINGS = NO;
				SWIFT_VERSION = 5.0;
				TARGETED_DEVICE_FAMILY = "1,2";
				TEST_TARGET_NAME = HistoWeather;
			};
			name = Debug;
		};
		0794C3E0292F9A670081669D /* Release */ = {
			isa = XCBuildConfiguration;
			buildSettings = {
				ALWAYS_EMBED_SWIFT_STANDARD_LIBRARIES = YES;
				CODE_SIGN_STYLE = Automatic;
				CURRENT_PROJECT_VERSION = 1;
				GENERATE_INFOPLIST_FILE = YES;
				IPHONEOS_DEPLOYMENT_TARGET = 16.1;
				MACOSX_DEPLOYMENT_TARGET = 13.0;
				MARKETING_VERSION = 1.0;
				PRODUCT_BUNDLE_IDENTIFIER = tuwien.student.HistoWeatherUITests;
				PRODUCT_NAME = "$(TARGET_NAME)";
				SDKROOT = auto;
				SUPPORTED_PLATFORMS = "iphoneos iphonesimulator macosx";
				SWIFT_EMIT_LOC_STRINGS = NO;
				SWIFT_VERSION = 5.0;
				TARGETED_DEVICE_FAMILY = "1,2";
				TEST_TARGET_NAME = HistoWeather;
			};
			name = Release;
		};
/* End XCBuildConfiguration section */

/* Begin XCConfigurationList section */
		0794C3A9292F9A660081669D /* Build configuration list for PBXProject "HistoWeather" */ = {
			isa = XCConfigurationList;
			buildConfigurations = (
				0794C3D6292F9A670081669D /* Debug */,
				0794C3D7292F9A670081669D /* Release */,
			);
			defaultConfigurationIsVisible = 0;
			defaultConfigurationName = Release;
		};
		0794C3D8292F9A670081669D /* Build configuration list for PBXNativeTarget "HistoWeather" */ = {
			isa = XCConfigurationList;
			buildConfigurations = (
				0794C3D9292F9A670081669D /* Debug */,
				0794C3DA292F9A670081669D /* Release */,
			);
			defaultConfigurationIsVisible = 0;
			defaultConfigurationName = Release;
		};
		0794C3DB292F9A670081669D /* Build configuration list for PBXNativeTarget "HistoWeatherTests" */ = {
			isa = XCConfigurationList;
			buildConfigurations = (
				0794C3DC292F9A670081669D /* Debug */,
				0794C3DD292F9A670081669D /* Release */,
			);
			defaultConfigurationIsVisible = 0;
			defaultConfigurationName = Release;
		};
		0794C3DE292F9A670081669D /* Build configuration list for PBXNativeTarget "HistoWeatherUITests" */ = {
			isa = XCConfigurationList;
			buildConfigurations = (
				0794C3DF292F9A670081669D /* Debug */,
				0794C3E0292F9A670081669D /* Release */,
			);
			defaultConfigurationIsVisible = 0;
			defaultConfigurationName = Release;
		};
/* End XCConfigurationList section */

/* Begin XCVersionGroup section */
		0794C3B5292F9A660081669D /* HistoWeather.xcdatamodeld */ = {
			isa = XCVersionGroup;
			children = (
				0794C3B6292F9A660081669D /* HistoWeather.xcdatamodel */,
			);
			currentVersion = 0794C3B6292F9A660081669D /* HistoWeather.xcdatamodel */;
			path = HistoWeather.xcdatamodeld;
			sourceTree = "<group>";
			versionGroupType = wrapper.xcdatamodel;
		};
/* End XCVersionGroup section */
	};
	rootObject = 0794C3A6292F9A660081669D /* Project object */;
}
